{
  "version": 4,
  "terraform_version": "1.8.2",
  "serial": 52,
  "lineage": "39f23129-d72b-c3de-5d69-af5695b57616",
  "outputs": {
    "connection_strings": {
      "value": "mongodb+srv://lachonete-mongodb-clust.nxwfsht.mongodb.net",
      "type": "string"
    }
  },
  "resources": [
    {
      "mode": "managed",
      "type": "mongodbatlas_cluster",
      "name": "lachonete_mongodb_cluster",
      "provider": "provider[\"registry.terraform.io/mongodb/mongodbatlas\"]",
      "instances": [
        {
          "schema_version": 1,
          "attributes": {
            "accept_data_risks_and_force_replica_set_reconfig": "",
            "advanced_configuration": [
              {
                "default_read_concern": "",
                "default_write_concern": "",
                "fail_index_key_too_long": false,
                "javascript_enabled": true,
                "minimum_enabled_tls_protocol": "TLS1_2",
                "no_table_scan": false,
                "oplog_min_retention_hours": 0,
                "oplog_size_mb": 0,
                "sample_refresh_interval_bi_connector": 0,
                "sample_size_bi_connector": 0,
                "transaction_lifetime_limit_seconds": 0
              }
            ],
            "auto_scaling_compute_enabled": false,
            "auto_scaling_compute_scale_down_enabled": false,
            "auto_scaling_disk_gb_enabled": false,
            "backing_provider_name": "AWS",
            "backup_enabled": false,
            "bi_connector_config": [
              {
                "enabled": false,
                "read_preference": "secondary"
              }
            ],
            "cloud_backup": null,
            "cluster_id": "66466fb02ddcae20cb405b89",
            "cluster_type": "REPLICASET",
            "connection_strings": [
              {
                "private": "",
                "private_endpoint": [],
                "private_srv": "",
                "standard": "mongodb://ac-nkjhmxg-shard-00-00.nxwfsht.mongodb.net:27017,ac-nkjhmxg-shard-00-01.nxwfsht.mongodb.net:27017,ac-nkjhmxg-shard-00-02.nxwfsht.mongodb.net:27017/?ssl=true\u0026authSource=admin\u0026replicaSet=atlas-buquzo-shard-0",
                "standard_srv": "mongodb+srv://lachonete-mongodb-clust.nxwfsht.mongodb.net"
              }
            ],
            "container_id": null,
            "disk_size_gb": 0.5,
            "encryption_at_rest_provider": "NONE",
            "id": "Y2x1c3Rlcl9pZA==:NjY0NjZmYjAyZGRjYWUyMGNiNDA1Yjg5-Y2x1c3Rlcl9uYW1l:bGFjaG9uZXRlLW1vbmdvZGItY2x1c3Rlcg==-cHJvamVjdF9pZA==:NjY0NjZmYWNjODUwODM0MjI2ZDhmN2Fi-cHJvdmlkZXJfbmFtZQ==:VEVOQU5U",
            "labels": [],
            "mongo_db_major_version": "7.0",
            "mongo_db_version": "7.0.8",
            "mongo_uri": "mongodb://ac-nkjhmxg-shard-00-00.nxwfsht.mongodb.net:27017,ac-nkjhmxg-shard-00-01.nxwfsht.mongodb.net:27017,ac-nkjhmxg-shard-00-02.nxwfsht.mongodb.net:27017",
            "mongo_uri_updated": "2024-05-16T20:42:41Z",
            "mongo_uri_with_options": "mongodb://ac-nkjhmxg-shard-00-00.nxwfsht.mongodb.net:27017,ac-nkjhmxg-shard-00-01.nxwfsht.mongodb.net:27017,ac-nkjhmxg-shard-00-02.nxwfsht.mongodb.net:27017/?ssl=true\u0026authSource=admin\u0026replicaSet=atlas-buquzo-shard-0",
            "name": "lachonete-mongodb-cluster",
            "num_shards": 1,
            "paused": false,
            "pit_enabled": false,
            "project_id": "66466facc850834226d8f7ab",
            "provider_auto_scaling_compute_max_instance_size": "",
            "provider_auto_scaling_compute_min_instance_size": "",
            "provider_disk_iops": null,
            "provider_disk_type_name": "",
            "provider_encrypt_ebs_volume": null,
            "provider_encrypt_ebs_volume_flag": null,
            "provider_instance_size_name": "M0",
            "provider_name": "TENANT",
            "provider_region_name": "US_EAST_1",
            "provider_volume_type": "",
            "replication_factor": 3,
            "replication_specs": [
              {
                "id": "66466fb02ddcae20cb405b82",
                "num_shards": 1,
                "regions_config": [
                  {
                    "analytics_nodes": 0,
                    "electable_nodes": 3,
                    "priority": 7,
                    "read_only_nodes": 0,
                    "region_name": "US_EAST_1"
                  }
                ],
                "zone_name": "Zone 1"
              }
            ],
            "retain_backups_enabled": null,
            "snapshot_backup_policy": [],
            "srv_address": "mongodb+srv://lachonete-mongodb-clust.nxwfsht.mongodb.net",
            "state_name": "IDLE",
            "tags": [],
            "termination_protection_enabled": false,
            "timeouts": null,
            "version_release_system": "LTS"
          },
          "sensitive_attributes": [],
          "private": "eyJlMmJmYjczMC1lY2FhLTExZTYtOGY4OC0zNDM2M2JjN2M0YzAiOnsiY3JlYXRlIjoxMDgwMDAwMDAwMDAwMCwiZGVsZXRlIjoxMDgwMDAwMDAwMDAwMCwidXBkYXRlIjoxMDgwMDAwMDAwMDAwMH0sInNjaGVtYV92ZXJzaW9uIjoiMSJ9",
          "dependencies": [
            "mongodbatlas_project.lanchonete_app"
          ]
        }
      ]
    },
    {
      "mode": "managed",
      "type": "mongodbatlas_database_user",
      "name": "my_user",
      "provider": "provider[\"registry.terraform.io/mongodb/mongodbatlas\"]",
      "instances": [
        {
          "schema_version": 0,
          "attributes": {
            "auth_database_name": "admin",
            "aws_iam_type": "NONE",
            "id": "YXV0aF9kYXRhYmFzZV9uYW1l:YWRtaW4=-cHJvamVjdF9pZA==:NjY0NjZmYWNjODUwODM0MjI2ZDhmN2Fi-dXNlcm5hbWU=:cm9vdA==",
            "labels": [],
            "ldap_auth_type": "NONE",
            "oidc_auth_type": "NONE",
            "password": "root",
            "project_id": "66466facc850834226d8f7ab",
            "roles": [
              {
                "collection_name": null,
                "database_name": "admin",
                "role_name": "atlasAdmin"
              }
            ],
            "scopes": [],
            "username": "root",
            "x509_type": "NONE"
          },
          "sensitive_attributes": [
            [
              {
                "type": "get_attr",
                "value": "password"
              }
            ]
          ],
          "dependencies": [
            "mongodbatlas_project.lanchonete_app"
          ]
        }
      ]
    },
    {
      "mode": "managed",
      "type": "mongodbatlas_project",
      "name": "lanchonete_app",
      "provider": "provider[\"registry.terraform.io/mongodb/mongodbatlas\"]",
      "instances": [
        {
          "schema_version": 0,
          "attributes": {
            "cluster_count": 0,
            "created": "2024-05-16T20:42:21Z",
            "id": "66466facc850834226d8f7ab",
            "ip_addresses": {
              "services": {
                "clusters": []
              }
            },
            "is_collect_database_specifics_statistics_enabled": true,
            "is_data_explorer_enabled": true,
            "is_extended_storage_sizes_enabled": false,
            "is_performance_advisor_enabled": true,
            "is_realtime_performance_panel_enabled": true,
            "is_schema_advisor_enabled": true,
            "limits": [],
            "name": "lachonete-mongodb",
            "org_id": "662088f5fa8e49104f7d931c",
            "project_owner_id": null,
            "region_usage_restrictions": null,
            "teams": [],
            "with_default_alerts_settings": true
          },
          "sensitive_attributes": []
        }
      ]
    }
  ],
  "check_results": null
}
